
Microsoft Visual Studio Solution File, Format Version 12.00
# Visual Studio Version 16
VisualStudioVersion = 16.0.31112.23
MinimumVisualStudioVersion = 10.0.40219.1
Project("{2150E333-8FDC-42A3-9474-1A3956D46DE8}") = "Cliente", "Cliente", "{9F2C5F77-60ED-4A05-A3DA-357B7EA60262}"
EndProject
Project("{2150E333-8FDC-42A3-9474-1A3956D46DE8}") = "Servidor", "Servidor", "{D972D0DD-DAAE-44FE-BFAA-3C3085259D2E}"
EndProject
Project("{FAE04EC0-301F-11D3-BF4B-00C04F79EFBC}") = "Servicio", "Servicio\Servicio.csproj", "{B29E037F-EE9D-4C8E-BCEA-6C54CFE725B3}"
EndProject
Project("{FAE04EC0-301F-11D3-BF4B-00C04F79EFBC}") = "Dominio", "Dominio\Dominio.csproj", "{75B9F1D0-DA69-4F5E-A642-36D342B06704}"
EndProject
Project("{FAE04EC0-301F-11D3-BF4B-00C04F79EFBC}") = "Datos", "Datos\Datos.csproj", "{D1E516DC-D2F3-44B6-AC0C-0446C73BD2C8}"
EndProject
Project("{FAE04EC0-301F-11D3-BF4B-00C04F79EFBC}") = "Aplicacion", "Aplicacion\Aplicacion.csproj", "{425465F4-0383-4186-942C-A05EA6F0EE09}"
EndProject
Project("{FAE04EC0-301F-11D3-BF4B-00C04F79EFBC}") = "Host", "Host\Host.csproj", "{96E0C462-3F71-4228-83D5-53FD13BE48C5}"
EndProject
Project("{FAE04EC0-301F-11D3-BF4B-00C04F79EFBC}") = "AccesoExterno", "AccesoExterno\AccesoExterno.csproj", "{A00E506D-F453-4927-B38E-5A93E9F67772}"
	ProjectSection(ProjectDependencies) = postProject
		{B29E037F-EE9D-4C8E-BCEA-6C54CFE725B3} = {B29E037F-EE9D-4C8E-BCEA-6C54CFE725B3}
	EndProjectSection
EndProject
Project("{FAE04EC0-301F-11D3-BF4B-00C04F79EFBC}") = "Presentacion", "Presentacion\Presentacion.csproj", "{F58BCC01-B287-46CD-B114-0CC9CA90B092}"
EndProject
Global
	GlobalSection(SolutionConfigurationPlatforms) = preSolution
		Debug|Any CPU = Debug|Any CPU
		Release|Any CPU = Release|Any CPU
	EndGlobalSection
	GlobalSection(ProjectConfigurationPlatforms) = postSolution
		{B29E037F-EE9D-4C8E-BCEA-6C54CFE725B3}.Debug|Any CPU.ActiveCfg = Debug|Any CPU
		{B29E037F-EE9D-4C8E-BCEA-6C54CFE725B3}.Debug|Any CPU.Build.0 = Debug|Any CPU
		{B29E037F-EE9D-4C8E-BCEA-6C54CFE725B3}.Release|Any CPU.ActiveCfg = Release|Any CPU
		{B29E037F-EE9D-4C8E-BCEA-6C54CFE725B3}.Release|Any CPU.Build.0 = Release|Any CPU
		{75B9F1D0-DA69-4F5E-A642-36D342B06704}.Debug|Any CPU.ActiveCfg = Debug|Any CPU
		{75B9F1D0-DA69-4F5E-A642-36D342B06704}.Debug|Any CPU.Build.0 = Debug|Any CPU
		{75B9F1D0-DA69-4F5E-A642-36D342B06704}.Release|Any CPU.ActiveCfg = Release|Any CPU
		{75B9F1D0-DA69-4F5E-A642-36D342B06704}.Release|Any CPU.Build.0 = Release|Any CPU
		{D1E516DC-D2F3-44B6-AC0C-0446C73BD2C8}.Debug|Any CPU.ActiveCfg = Debug|Any CPU
		{D1E516DC-D2F3-44B6-AC0C-0446C73BD2C8}.Debug|Any CPU.Build.0 = Debug|Any CPU
		{D1E516DC-D2F3-44B6-AC0C-0446C73BD2C8}.Release|Any CPU.ActiveCfg = Release|Any CPU
		{D1E516DC-D2F3-44B6-AC0C-0446C73BD2C8}.Release|Any CPU.Build.0 = Release|Any CPU
		{425465F4-0383-4186-942C-A05EA6F0EE09}.Debug|Any CPU.ActiveCfg = Debug|Any CPU
		{425465F4-0383-4186-942C-A05EA6F0EE09}.Debug|Any CPU.Build.0 = Debug|Any CPU
		{425465F4-0383-4186-942C-A05EA6F0EE09}.Release|Any CPU.ActiveCfg = Release|Any CPU
		{425465F4-0383-4186-942C-A05EA6F0EE09}.Release|Any CPU.Build.0 = Release|Any CPU
		{96E0C462-3F71-4228-83D5-53FD13BE48C5}.Debug|Any CPU.ActiveCfg = Debug|Any CPU
		{96E0C462-3F71-4228-83D5-53FD13BE48C5}.Debug|Any CPU.Build.0 = Debug|Any CPU
		{96E0C462-3F71-4228-83D5-53FD13BE48C5}.Release|Any CPU.ActiveCfg = Release|Any CPU
		{96E0C462-3F71-4228-83D5-53FD13BE48C5}.Release|Any CPU.Build.0 = Release|Any CPU
		{A00E506D-F453-4927-B38E-5A93E9F67772}.Debug|Any CPU.ActiveCfg = Debug|Any CPU
		{A00E506D-F453-4927-B38E-5A93E9F67772}.Debug|Any CPU.Build.0 = Debug|Any CPU
		{A00E506D-F453-4927-B38E-5A93E9F67772}.Release|Any CPU.ActiveCfg = Release|Any CPU
		{A00E506D-F453-4927-B38E-5A93E9F67772}.Release|Any CPU.Build.0 = Release|Any CPU
		{F58BCC01-B287-46CD-B114-0CC9CA90B092}.Debug|Any CPU.ActiveCfg = Debug|Any CPU
		{F58BCC01-B287-46CD-B114-0CC9CA90B092}.Debug|Any CPU.Build.0 = Debug|Any CPU
		{F58BCC01-B287-46CD-B114-0CC9CA90B092}.Release|Any CPU.ActiveCfg = Release|Any CPU
		{F58BCC01-B287-46CD-B114-0CC9CA90B092}.Release|Any CPU.Build.0 = Release|Any CPU
	EndGlobalSection
	GlobalSection(SolutionProperties) = preSolution
		HideSolutionNode = FALSE
	EndGlobalSection
	GlobalSection(NestedProjects) = preSolution
		{B29E037F-EE9D-4C8E-BCEA-6C54CFE725B3} = {D972D0DD-DAAE-44FE-BFAA-3C3085259D2E}
		{75B9F1D0-DA69-4F5E-A642-36D342B06704} = {D972D0DD-DAAE-44FE-BFAA-3C3085259D2E}
		{D1E516DC-D2F3-44B6-AC0C-0446C73BD2C8} = {D972D0DD-DAAE-44FE-BFAA-3C3085259D2E}
		{425465F4-0383-4186-942C-A05EA6F0EE09} = {D972D0DD-DAAE-44FE-BFAA-3C3085259D2E}
		{96E0C462-3F71-4228-83D5-53FD13BE48C5} = {D972D0DD-DAAE-44FE-BFAA-3C3085259D2E}
		{A00E506D-F453-4927-B38E-5A93E9F67772} = {9F2C5F77-60ED-4A05-A3DA-357B7EA60262}
		{F58BCC01-B287-46CD-B114-0CC9CA90B092} = {9F2C5F77-60ED-4A05-A3DA-357B7EA60262}
	EndGlobalSection
	GlobalSection(ExtensibilityGlobals) = postSolution
		SolutionGuid = {F25EF9B9-0963-49AD-9CB5-259FFA9220C0}
	EndGlobalSection
EndGlobal
